// !$*UTF8*$!
{
	archiveVersion = 1;
	classes = {
	};
	objectVersion = 55;
	objects = {

/* Begin PBXBuildFile section */
		37946F17CC27F36DCFE2A88B /* Pods_NewsApp.framework in Frameworks */ = {isa = PBXBuildFile; fileRef = AC3B3DF666F6583822A3DF26 /* Pods_NewsApp.framework */; };
		5293B0A12821AC9E004F5C88 /* NewsDetailViewController.swift in Sources */ = {isa = PBXBuildFile; fileRef = 5293B0A02821AC9E004F5C88 /* NewsDetailViewController.swift */; };
		529AB67D281CC323003C0956 /* AppDelegate.swift in Sources */ = {isa = PBXBuildFile; fileRef = 529AB67C281CC323003C0956 /* AppDelegate.swift */; };
		529AB67F281CC323003C0956 /* SceneDelegate.swift in Sources */ = {isa = PBXBuildFile; fileRef = 529AB67E281CC323003C0956 /* SceneDelegate.swift */; };
		529AB684281CC323003C0956 /* Main.storyboard in Resources */ = {isa = PBXBuildFile; fileRef = 529AB682281CC323003C0956 /* Main.storyboard */; };
		529AB686281CC325003C0956 /* Assets.xcassets in Resources */ = {isa = PBXBuildFile; fileRef = 529AB685281CC325003C0956 /* Assets.xcassets */; };
		529AB689281CC325003C0956 /* LaunchScreen.storyboard in Resources */ = {isa = PBXBuildFile; fileRef = 529AB687281CC325003C0956 /* LaunchScreen.storyboard */; };
		52A79CE0281F05E5008138D9 /* ServiceConstants.swift in Sources */ = {isa = PBXBuildFile; fileRef = 52A79CDF281F05E5008138D9 /* ServiceConstants.swift */; };
		52C92FA4281DB1AF00195469 /* TabBarViewController.swift in Sources */ = {isa = PBXBuildFile; fileRef = 52C92FA3281DB1AF00195469 /* TabBarViewController.swift */; };
		52C92FA6281DB24C00195469 /* NewsListViewController.swift in Sources */ = {isa = PBXBuildFile; fileRef = 52C92FA5281DB24C00195469 /* NewsListViewController.swift */; };
		52C92FAA281DB33D00195469 /* FavoriteListViewController.swift in Sources */ = {isa = PBXBuildFile; fileRef = 52C92FA9281DB33D00195469 /* FavoriteListViewController.swift */; };
		52C92FAC281DB38100195469 /* NewsSourceViewController.swift in Sources */ = {isa = PBXBuildFile; fileRef = 52C92FAB281DB38100195469 /* NewsSourceViewController.swift */; };
		52C92FB5281DB59400195469 /* NewsService.swift in Sources */ = {isa = PBXBuildFile; fileRef = 52C92FB4281DB59400195469 /* NewsService.swift */; };
		52C92FB7281DC0FA00195469 /* Article.swift in Sources */ = {isa = PBXBuildFile; fileRef = 52C92FB6281DC0FA00195469 /* Article.swift */; };
		52C92FB9281DC11500195469 /* ArticleSource.swift in Sources */ = {isa = PBXBuildFile; fileRef = 52C92FB8281DC11500195469 /* ArticleSource.swift */; };
		52C92FBB281DC13300195469 /* ArticlesResponse.swift in Sources */ = {isa = PBXBuildFile; fileRef = 52C92FBA281DC13300195469 /* ArticlesResponse.swift */; };
		52E188B5281F1C7B00AD6275 /* NewTableViewCell.swift in Sources */ = {isa = PBXBuildFile; fileRef = 52E188B3281F1C7B00AD6275 /* NewTableViewCell.swift */; };
		52E188B6281F1C7B00AD6275 /* NewTableViewCell.xib in Resources */ = {isa = PBXBuildFile; fileRef = 52E188B4281F1C7B00AD6275 /* NewTableViewCell.xib */; };
/* End PBXBuildFile section */

/* Begin PBXFileReference section */
		5293B0A02821AC9E004F5C88 /* NewsDetailViewController.swift */ = {isa = PBXFileReference; lastKnownFileType = sourcecode.swift; path = NewsDetailViewController.swift; sourceTree = "<group>"; };
		529AB679281CC323003C0956 /* NewsApp.app */ = {isa = PBXFileReference; explicitFileType = wrapper.application; includeInIndex = 0; path = NewsApp.app; sourceTree = BUILT_PRODUCTS_DIR; };
		529AB67C281CC323003C0956 /* AppDelegate.swift */ = {isa = PBXFileReference; lastKnownFileType = sourcecode.swift; path = AppDelegate.swift; sourceTree = "<group>"; };
		529AB67E281CC323003C0956 /* SceneDelegate.swift */ = {isa = PBXFileReference; lastKnownFileType = sourcecode.swift; path = SceneDelegate.swift; sourceTree = "<group>"; };
		529AB683281CC323003C0956 /* Base */ = {isa = PBXFileReference; lastKnownFileType = file.storyboard; name = Base; path = Base.lproj/Main.storyboard; sourceTree = "<group>"; };
		529AB685281CC325003C0956 /* Assets.xcassets */ = {isa = PBXFileReference; lastKnownFileType = folder.assetcatalog; path = Assets.xcassets; sourceTree = "<group>"; };
		529AB688281CC325003C0956 /* Base */ = {isa = PBXFileReference; lastKnownFileType = file.storyboard; name = Base; path = Base.lproj/LaunchScreen.storyboard; sourceTree = "<group>"; };
		529AB68A281CC325003C0956 /* Info.plist */ = {isa = PBXFileReference; lastKnownFileType = text.plist.xml; path = Info.plist; sourceTree = "<group>"; };
		52A79CDF281F05E5008138D9 /* ServiceConstants.swift */ = {isa = PBXFileReference; lastKnownFileType = sourcecode.swift; path = ServiceConstants.swift; sourceTree = "<group>"; };
		52C92FA3281DB1AF00195469 /* TabBarViewController.swift */ = {isa = PBXFileReference; lastKnownFileType = sourcecode.swift; path = TabBarViewController.swift; sourceTree = "<group>"; };
		52C92FA5281DB24C00195469 /* NewsListViewController.swift */ = {isa = PBXFileReference; lastKnownFileType = sourcecode.swift; path = NewsListViewController.swift; sourceTree = "<group>"; };
		52C92FA9281DB33D00195469 /* FavoriteListViewController.swift */ = {isa = PBXFileReference; lastKnownFileType = sourcecode.swift; path = FavoriteListViewController.swift; sourceTree = "<group>"; };
		52C92FAB281DB38100195469 /* NewsSourceViewController.swift */ = {isa = PBXFileReference; lastKnownFileType = sourcecode.swift; path = NewsSourceViewController.swift; sourceTree = "<group>"; };
		52C92FB4281DB59400195469 /* NewsService.swift */ = {isa = PBXFileReference; lastKnownFileType = sourcecode.swift; path = NewsService.swift; sourceTree = "<group>"; };
		52C92FB6281DC0FA00195469 /* Article.swift */ = {isa = PBXFileReference; lastKnownFileType = sourcecode.swift; path = Article.swift; sourceTree = "<group>"; };
		52C92FB8281DC11500195469 /* ArticleSource.swift */ = {isa = PBXFileReference; lastKnownFileType = sourcecode.swift; path = ArticleSource.swift; sourceTree = "<group>"; };
		52C92FBA281DC13300195469 /* ArticlesResponse.swift */ = {isa = PBXFileReference; lastKnownFileType = sourcecode.swift; path = ArticlesResponse.swift; sourceTree = "<group>"; };
		52E188B3281F1C7B00AD6275 /* NewTableViewCell.swift */ = {isa = PBXFileReference; lastKnownFileType = sourcecode.swift; path = NewTableViewCell.swift; sourceTree = "<group>"; };
		52E188B4281F1C7B00AD6275 /* NewTableViewCell.xib */ = {isa = PBXFileReference; lastKnownFileType = file.xib; path = NewTableViewCell.xib; sourceTree = "<group>"; };
		AC3B3DF666F6583822A3DF26 /* Pods_NewsApp.framework */ = {isa = PBXFileReference; explicitFileType = wrapper.framework; includeInIndex = 0; path = Pods_NewsApp.framework; sourceTree = BUILT_PRODUCTS_DIR; };
		C0CCFB3C0C06D5CAF0FA3816 /* Pods-NewsApp.release.xcconfig */ = {isa = PBXFileReference; includeInIndex = 1; lastKnownFileType = text.xcconfig; name = "Pods-NewsApp.release.xcconfig"; path = "Target Support Files/Pods-NewsApp/Pods-NewsApp.release.xcconfig"; sourceTree = "<group>"; };
		C9449C5639B0C4FA182854DA /* Pods-NewsApp.debug.xcconfig */ = {isa = PBXFileReference; includeInIndex = 1; lastKnownFileType = text.xcconfig; name = "Pods-NewsApp.debug.xcconfig"; path = "Target Support Files/Pods-NewsApp/Pods-NewsApp.debug.xcconfig"; sourceTree = "<group>"; };
/* End PBXFileReference section */

/* Begin PBXFrameworksBuildPhase section */
		529AB676281CC323003C0956 /* Frameworks */ = {
			isa = PBXFrameworksBuildPhase;
			buildActionMask = 2147483647;
			files = (
				37946F17CC27F36DCFE2A88B /* Pods_NewsApp.framework in Frameworks */,
			);
			runOnlyForDeploymentPostprocessing = 0;
		};
/* End PBXFrameworksBuildPhase section */

/* Begin PBXGroup section */
		529AB670281CC323003C0956 = {
			isa = PBXGroup;
			children = (
				529AB67B281CC323003C0956 /* NewsApp */,
				529AB67A281CC323003C0956 /* Products */,
				8AF210B61A2AF20627F8A7BA /* Pods */,
				6B4F816F7505F7DAA1C0056E /* Frameworks */,
			);
			sourceTree = "<group>";
		};
		529AB67A281CC323003C0956 /* Products */ = {
			isa = PBXGroup;
			children = (
				529AB679281CC323003C0956 /* NewsApp.app */,
			);
			name = Products;
			sourceTree = "<group>";
		};
		529AB67B281CC323003C0956 /* NewsApp */ = {
			isa = PBXGroup;
			children = (
				52C92FB0281DB4B100195469 /* App */,
				52ED98732821FD490049A20D /* Cells */,
				529AB68A281CC325003C0956 /* Info.plist */,
				52C92FB2281DB50F00195469 /* Model */,
				52C92FB1281DB4D100195469 /* Resources */,
				52C92FB3281DB51A00195469 /* Service */,
				52C92FAF281DB49300195469 /* UI */,
				52C92FAE281DB43600195469 /* ViewControllers */,
			);
			path = NewsApp;
			sourceTree = "<group>";
		};
		52C92FAE281DB43600195469 /* ViewControllers */ = {
			isa = PBXGroup;
			children = (
				52C92FA3281DB1AF00195469 /* TabBarViewController.swift */,
				52C92FA5281DB24C00195469 /* NewsListViewController.swift */,
				52C92FA9281DB33D00195469 /* FavoriteListViewController.swift */,
				52C92FAB281DB38100195469 /* NewsSourceViewController.swift */,
				5293B0A02821AC9E004F5C88 /* NewsDetailViewController.swift */,
			);
			path = ViewControllers;
			sourceTree = "<group>";
		};
		52C92FAF281DB49300195469 /* UI */ = {
			isa = PBXGroup;
			children = (
				529AB682281CC323003C0956 /* Main.storyboard */,
				529AB687281CC325003C0956 /* LaunchScreen.storyboard */,
			);
			path = UI;
			sourceTree = "<group>";
		};
		52C92FB0281DB4B100195469 /* App */ = {
			isa = PBXGroup;
			children = (
				529AB67C281CC323003C0956 /* AppDelegate.swift */,
				529AB67E281CC323003C0956 /* SceneDelegate.swift */,
			);
			path = App;
			sourceTree = "<group>";
		};
		52C92FB1281DB4D100195469 /* Resources */ = {
			isa = PBXGroup;
			children = (
				529AB685281CC325003C0956 /* Assets.xcassets */,
			);
			path = Resources;
			sourceTree = "<group>";
		};
		52C92FB2281DB50F00195469 /* Model */ = {
			isa = PBXGroup;
			children = (
				52C92FB6281DC0FA00195469 /* Article.swift */,
				52C92FB8281DC11500195469 /* ArticleSource.swift */,
				52C92FBA281DC13300195469 /* ArticlesResponse.swift */,
			);
			path = Model;
			sourceTree = "<group>";
		};
		52C92FB3281DB51A00195469 /* Service */ = {
			isa = PBXGroup;
			children = (
				52C92FB4281DB59400195469 /* NewsService.swift */,
				52A79CDF281F05E5008138D9 /* ServiceConstants.swift */,
			);
			path = Service;
			sourceTree = "<group>";
		};
		52ED98732821FD490049A20D /* Cells */ = {
			isa = PBXGroup;
			children = (
				52E188B3281F1C7B00AD6275 /* NewTableViewCell.swift */,
				52E188B4281F1C7B00AD6275 /* NewTableViewCell.xib */,
			);
			path = Cells;
			sourceTree = "<group>";
		};
		6B4F816F7505F7DAA1C0056E /* Frameworks */ = {
			isa = PBXGroup;
			children = (
				AC3B3DF666F6583822A3DF26 /* Pods_NewsApp.framework */,
			);
			name = Frameworks;
			sourceTree = "<group>";
		};
		8AF210B61A2AF20627F8A7BA /* Pods */ = {
			isa = PBXGroup;
			children = (
				C9449C5639B0C4FA182854DA /* Pods-NewsApp.debug.xcconfig */,
				C0CCFB3C0C06D5CAF0FA3816 /* Pods-NewsApp.release.xcconfig */,
			);
			path = Pods;
			sourceTree = "<group>";
		};
/* End PBXGroup section */

/* Begin PBXNativeTarget section */
		529AB678281CC323003C0956 /* NewsApp */ = {
			isa = PBXNativeTarget;
			buildConfigurationList = 529AB68D281CC325003C0956 /* Build configuration list for PBXNativeTarget "NewsApp" */;
			buildPhases = (
				E4EDC9A78B2003C310F73BF5 /* [CP] Check Pods Manifest.lock */,
				529AB675281CC323003C0956 /* Sources */,
				529AB676281CC323003C0956 /* Frameworks */,
				529AB677281CC323003C0956 /* Resources */,
				787DA871368006C63E9B46F5 /* [CP] Embed Pods Frameworks */,
			);
			buildRules = (
			);
			dependencies = (
			);
			name = NewsApp;
			productName = NewsApp;
			productReference = 529AB679281CC323003C0956 /* NewsApp.app */;
			productType = "com.apple.product-type.application";
		};
/* End PBXNativeTarget section */

/* Begin PBXProject section */
		529AB671281CC323003C0956 /* Project object */ = {
			isa = PBXProject;
			attributes = {
				BuildIndependentTargetsInParallel = 1;
				LastSwiftUpdateCheck = 1320;
				LastUpgradeCheck = 1320;
				TargetAttributes = {
					529AB678281CC323003C0956 = {
						CreatedOnToolsVersion = 13.2.1;
					};
				};
			};
			buildConfigurationList = 529AB674281CC323003C0956 /* Build configuration list for PBXProject "NewsApp" */;
			compatibilityVersion = "Xcode 13.0";
			developmentRegion = en;
			hasScannedForEncodings = 0;
			knownRegions = (
				en,
				Base,
			);
			mainGroup = 529AB670281CC323003C0956;
			productRefGroup = 529AB67A281CC323003C0956 /* Products */;
			projectDirPath = "";
			projectRoot = "";
			targets = (
				529AB678281CC323003C0956 /* NewsApp */,
			);
		};
/* End PBXProject section */

/* Begin PBXResourcesBuildPhase section */
		529AB677281CC323003C0956 /* Resources */ = {
			isa = PBXResourcesBuildPhase;
			buildActionMask = 2147483647;
			files = (
				529AB689281CC325003C0956 /* LaunchScreen.storyboard in Resources */,
				529AB686281CC325003C0956 /* Assets.xcassets in Resources */,
				52E188B6281F1C7B00AD6275 /* NewTableViewCell.xib in Resources */,
				529AB684281CC323003C0956 /* Main.storyboard in Resources */,
			);
			runOnlyForDeploymentPostprocessing = 0;
		};
/* End PBXResourcesBuildPhase section */

/* Begin PBXShellScriptBuildPhase section */
		787DA871368006C63E9B46F5 /* [CP] Embed Pods Frameworks */ = {
			isa = PBXShellScriptBuildPhase;
			buildActionMask = 2147483647;
			files = (
			);
			inputFileListPaths = (
				"${PODS_ROOT}/Target Support Files/Pods-NewsApp/Pods-NewsApp-frameworks-${CONFIGURATION}-input-files.xcfilelist",
			);
			name = "[CP] Embed Pods Frameworks";
			outputFileListPaths = (
				"${PODS_ROOT}/Target Support Files/Pods-NewsApp/Pods-NewsApp-frameworks-${CONFIGURATION}-output-files.xcfilelist",
			);
			runOnlyForDeploymentPostprocessing = 0;
			shellPath = /bin/sh;
			shellScript = "\"${PODS_ROOT}/Target Support Files/Pods-NewsApp/Pods-NewsApp-frameworks.sh\"\n";
			showEnvVarsInLog = 0;
		};
		E4EDC9A78B2003C310F73BF5 /* [CP] Check Pods Manifest.lock */ = {
			isa = PBXShellScriptBuildPhase;
			buildActionMask = 2147483647;
			files = (
			);
			inputFileListPaths = (
			);
			inputPaths = (
				"${PODS_PODFILE_DIR_PATH}/Podfile.lock",
				"${PODS_ROOT}/Manifest.lock",
			);
			name = "[CP] Check Pods Manifest.lock";
			outputFileListPaths = (
			);
			outputPaths = (
				"$(DERIVED_FILE_DIR)/Pods-NewsApp-checkManifestLockResult.txt",
			);
			runOnlyForDeploymentPostprocessing = 0;
			shellPath = /bin/sh;
			shellScript = "diff \"${PODS_PODFILE_DIR_PATH}/Podfile.lock\" \"${PODS_ROOT}/Manifest.lock\" > /dev/null\nif [ $? != 0 ] ; then\n    # print error to STDERR\n    echo \"error: The sandbox is not in sync with the Podfile.lock. Run 'pod install' or update your CocoaPods installation.\" >&2\n    exit 1\nfi\n# This output is used by Xcode 'outputs' to avoid re-running this script phase.\necho \"SUCCESS\" > \"${SCRIPT_OUTPUT_FILE_0}\"\n";
			showEnvVarsInLog = 0;
		};
/* End PBXShellScriptBuildPhase section */

/* Begin PBXSourcesBuildPhase section */
		529AB675281CC323003C0956 /* Sources */ = {
			isa = PBXSourcesBuildPhase;
			buildActionMask = 2147483647;
			files = (
				52C92FAA281DB33D00195469 /* FavoriteListViewController.swift in Sources */,
				52C92FA6281DB24C00195469 /* NewsListViewController.swift in Sources */,
				52C92FB7281DC0FA00195469 /* Article.swift in Sources */,
				52A79CE0281F05E5008138D9 /* ServiceConstants.swift in Sources */,
				52C92FB9281DC11500195469 /* ArticleSource.swift in Sources */,
				52C92FB5281DB59400195469 /* NewsService.swift in Sources */,
				52E188B5281F1C7B00AD6275 /* NewTableViewCell.swift in Sources */,
				52C92FA4281DB1AF00195469 /* TabBarViewController.swift in Sources */,
				529AB67D281CC323003C0956 /* AppDelegate.swift in Sources */,
				5293B0A12821AC9E004F5C88 /* NewsDetailViewController.swift in Sources */,
				52C92FBB281DC13300195469 /* ArticlesResponse.swift in Sources */,
				52C92FAC281DB38100195469 /* NewsSourceViewController.swift in Sources */,
				529AB67F281CC323003C0956 /* SceneDelegate.swift in Sources */,
			);
			runOnlyForDeploymentPostprocessing = 0;
		};
/* End PBXSourcesBuildPhase section */

/* Begin PBXVariantGroup section */
		529AB682281CC323003C0956 /* Main.storyboard */ = {
			isa = PBXVariantGroup;
			children = (
				529AB683281CC323003C0956 /* Base */,
			);
			name = Main.storyboard;
			sourceTree = "<group>";
		};
		529AB687281CC325003C0956 /* LaunchScreen.storyboard */ = {
			isa = PBXVariantGroup;
			children = (
				529AB688281CC325003C0956 /* Base */,
			);
			name = LaunchScreen.storyboard;
			sourceTree = "<group>";
		};
/* End PBXVariantGroup section */

/* Begin XCBuildConfiguration section */
		529AB68B281CC325003C0956 /* Debug */ = {
			isa = XCBuildConfiguration;
			buildSettings = {
				ALWAYS_SEARCH_USER_PATHS = NO;
				CLANG_ANALYZER_NONNULL = YES;
				CLANG_ANALYZER_NUMBER_OBJECT_CONVERSION = YES_AGGRESSIVE;
				CLANG_CXX_LANGUAGE_STANDARD = "gnu++17";
				CLANG_CXX_LIBRARY = "libc++";
				CLANG_ENABLE_MODULES = YES;
				CLANG_ENABLE_OBJC_ARC = YES;
				CLANG_ENABLE_OBJC_WEAK = YES;
				CLANG_WARN_BLOCK_CAPTURE_AUTORELEASING = YES;
				CLANG_WARN_BOOL_CONVERSION = YES;
				CLANG_WARN_COMMA = YES;
				CLANG_WARN_CONSTANT_CONVERSION = YES;
				CLANG_WARN_DEPRECATED_OBJC_IMPLEMENTATIONS = YES;
				CLANG_WARN_DIRECT_OBJC_ISA_USAGE = YES_ERROR;
				CLANG_WARN_DOCUMENTATION_COMMENTS = YES;
				CLANG_WARN_EMPTY_BODY = YES;
				CLANG_WARN_ENUM_CONVERSION = YES;
				CLANG_WARN_INFINITE_RECURSION = YES;
				CLANG_WARN_INT_CONVERSION = YES;
				CLANG_WARN_NON_LITERAL_NULL_CONVERSION = YES;
				CLANG_WARN_OBJC_IMPLICIT_RETAIN_SELF = YES;
				CLANG_WARN_OBJC_LITERAL_CONVERSION = YES;
				CLANG_WARN_OBJC_ROOT_CLASS = YES_ERROR;
				CLANG_WARN_QUOTED_INCLUDE_IN_FRAMEWORK_HEADER = YES;
				CLANG_WARN_RANGE_LOOP_ANALYSIS = YES;
				CLANG_WARN_STRICT_PROTOTYPES = YES;
				CLANG_WARN_SUSPICIOUS_MOVE = YES;
				CLANG_WARN_UNGUARDED_AVAILABILITY = YES_AGGRESSIVE;
				CLANG_WARN_UNREACHABLE_CODE = YES;
				CLANG_WARN__DUPLICATE_METHOD_MATCH = YES;
				COPY_PHASE_STRIP = NO;
				DEBUG_INFORMATION_FORMAT = dwarf;
				ENABLE_STRICT_OBJC_MSGSEND = YES;
				ENABLE_TESTABILITY = YES;
				GCC_C_LANGUAGE_STANDARD = gnu11;
				GCC_DYNAMIC_NO_PIC = NO;
				GCC_NO_COMMON_BLOCKS = YES;
				GCC_OPTIMIZATION_LEVEL = 0;
				GCC_PREPROCESSOR_DEFINITIONS = (
					"DEBUG=1",
					"$(inherited)",
				);
				GCC_WARN_64_TO_32_BIT_CONVERSION = YES;
				GCC_WARN_ABOUT_RETURN_TYPE = YES_ERROR;
				GCC_WARN_UNDECLARED_SELECTOR = YES;
				GCC_WARN_UNINITIALIZED_AUTOS = YES_AGGRESSIVE;
				GCC_WARN_UNUSED_FUNCTION = YES;
				GCC_WARN_UNUSED_VARIABLE = YES;
				IPHONEOS_DEPLOYMENT_TARGET = 15.2;
				MTL_ENABLE_DEBUG_INFO = INCLUDE_SOURCE;
				MTL_FAST_MATH = YES;
				ONLY_ACTIVE_ARCH = YES;
				SDKROOT = iphoneos;
				SWIFT_ACTIVE_COMPILATION_CONDITIONS = DEBUG;
				SWIFT_OPTIMIZATION_LEVEL = "-Onone";
			};
			name = Debug;
		};
		529AB68C281CC325003C0956 /* Release */ = {
			isa = XCBuildConfiguration;
			buildSettings = {
				ALWAYS_SEARCH_USER_PATHS = NO;
				CLANG_ANALYZER_NONNULL = YES;
				CLANG_ANALYZER_NUMBER_OBJECT_CONVERSION = YES_AGGRESSIVE;
				CLANG_CXX_LANGUAGE_STANDARD = "gnu++17";
				CLANG_CXX_LIBRARY = "libc++";
				CLANG_ENABLE_MODULES = YES;
				CLANG_ENABLE_OBJC_ARC = YES;
				CLANG_ENABLE_OBJC_WEAK = YES;
				CLANG_WARN_BLOCK_CAPTURE_AUTORELEASING = YES;
				CLANG_WARN_BOOL_CONVERSION = YES;
				CLANG_WARN_COMMA = YES;
				CLANG_WARN_CONSTANT_CONVERSION = YES;
				CLANG_WARN_DEPRECATED_OBJC_IMPLEMENTATIONS = YES;
				CLANG_WARN_DIRECT_OBJC_ISA_USAGE = YES_ERROR;
				CLANG_WARN_DOCUMENTATION_COMMENTS = YES;
				CLANG_WARN_EMPTY_BODY = YES;
				CLANG_WARN_ENUM_CONVERSION = YES;
				CLANG_WARN_INFINITE_RECURSION = YES;
				CLANG_WARN_INT_CONVERSION = YES;
				CLANG_WARN_NON_LITERAL_NULL_CONVERSION = YES;
				CLANG_WARN_OBJC_IMPLICIT_RETAIN_SELF = YES;
				CLANG_WARN_OBJC_LITERAL_CONVERSION = YES;
				CLANG_WARN_OBJC_ROOT_CLASS = YES_ERROR;
				CLANG_WARN_QUOTED_INCLUDE_IN_FRAMEWORK_HEADER = YES;
				CLANG_WARN_RANGE_LOOP_ANALYSIS = YES;
				CLANG_WARN_STRICT_PROTOTYPES = YES;
				CLANG_WARN_SUSPICIOUS_MOVE = YES;
				CLANG_WARN_UNGUARDED_AVAILABILITY = YES_AGGRESSIVE;
				CLANG_WARN_UNREACHABLE_CODE = YES;
				CLANG_WARN__DUPLICATE_METHOD_MATCH = YES;
				COPY_PHASE_STRIP = NO;
				DEBUG_INFORMATION_FORMAT = "dwarf-with-dsym";
				ENABLE_NS_ASSERTIONS = NO;
				ENABLE_STRICT_OBJC_MSGSEND = YES;
				GCC_C_LANGUAGE_STANDARD = gnu11;
				GCC_NO_COMMON_BLOCKS = YES;
				GCC_WARN_64_TO_32_BIT_CONVERSION = YES;
				GCC_WARN_ABOUT_RETURN_TYPE = YES_ERROR;
				GCC_WARN_UNDECLARED_SELECTOR = YES;
				GCC_WARN_UNINITIALIZED_AUTOS = YES_AGGRESSIVE;
				GCC_WARN_UNUSED_FUNCTION = YES;
				GCC_WARN_UNUSED_VARIABLE = YES;
				IPHONEOS_DEPLOYMENT_TARGET = 15.2;
				MTL_ENABLE_DEBUG_INFO = NO;
				MTL_FAST_MATH = YES;
				SDKROOT = iphoneos;
				SWIFT_COMPILATION_MODE = wholemodule;
				SWIFT_OPTIMIZATION_LEVEL = "-O";
				VALIDATE_PRODUCT = YES;
			};
			name = Release;
		};
		529AB68E281CC325003C0956 /* Debug */ = {
			isa = XCBuildConfiguration;
			baseConfigurationReference = C9449C5639B0C4FA182854DA /* Pods-NewsApp.debug.xcconfig */;
			buildSettings = {
				ASSETCATALOG_COMPILER_APPICON_NAME = AppIcon;
				ASSETCATALOG_COMPILER_GLOBAL_ACCENT_COLOR_NAME = AccentColor;
				CODE_SIGN_STYLE = Automatic;
				CURRENT_PROJECT_VERSION = 1;
				GENERATE_INFOPLIST_FILE = YES;
				INFOPLIST_FILE = NewsApp/Info.plist;
				INFOPLIST_KEY_UIApplicationSupportsIndirectInputEvents = YES;
				INFOPLIST_KEY_UILaunchStoryboardName = LaunchScreen;
				INFOPLIST_KEY_UIMainStoryboardFile = Main;
				INFOPLIST_KEY_UISupportedInterfaceOrientations_iPad = "UIInterfaceOrientationPortrait UIInterfaceOrientationPortraitUpsideDown UIInterfaceOrientationLandscapeLeft UIInterfaceOrientationLandscapeRight";
				INFOPLIST_KEY_UISupportedInterfaceOrientations_iPhone = "UIInterfaceOrientationPortrait UIInterfaceOrientationLandscapeLeft UIInterfaceOrientationLandscapeRight";
				LD_RUNPATH_SEARCH_PATHS = (
					"$(inherited)",
					"@executable_path/Frameworks",
				);
				MARKETING_VERSION = 1.0;
				PRODUCT_BUNDLE_IDENTIFIER = com.company.NewsApp;
				PRODUCT_NAME = "$(TARGET_NAME)";
				SWIFT_EMIT_LOC_STRINGS = YES;
				SWIFT_VERSION = 5.0;
				TARGETED_DEVICE_FAMILY = "1,2";
			};
			name = Debug;
		};
		529AB68F281CC325003C0956 /* Release */ = {
			isa = XCBuildConfiguration;
			baseConfigurationReference = C0CCFB3C0C06D5CAF0FA3816 /* Pods-NewsApp.release.xcconfig */;
			buildSettings = {
				ASSETCATALOG_COMPILER_APPICON_NAME = AppIcon;
				ASSETCATALOG_COMPILER_GLOBAL_ACCENT_COLOR_NAME = AccentColor;
				CODE_SIGN_STYLE = Automatic;
				CURRENT_PROJECT_VERSION = 1;
				GENERATE_INFOPLIST_FILE = YES;
				INFOPLIST_FILE = NewsApp/Info.plist;
				INFOPLIST_KEY_UIApplicationSupportsIndirectInputEvents = YES;
				INFOPLIST_KEY_UILaunchStoryboardName = LaunchScreen;
				INFOPLIST_KEY_UIMainStoryboardFile = Main;
				INFOPLIST_KEY_UISupportedInterfaceOrientations_iPad = "UIInterfaceOrientationPortrait UIInterfaceOrientationPortraitUpsideDown UIInterfaceOrientationLandscapeLeft UIInterfaceOrientationLandscapeRight";
				INFOPLIST_KEY_UISupportedInterfaceOrientations_iPhone = "UIInterfaceOrientationPortrait UIInterfaceOrientationLandscapeLeft UIInterfaceOrientationLandscapeRight";
				LD_RUNPATH_SEARCH_PATHS = (
					"$(inherited)",
					"@executable_path/Frameworks",
				);
				MARKETING_VERSION = 1.0;
				PRODUCT_BUNDLE_IDENTIFIER = com.company.NewsApp;
				PRODUCT_NAME = "$(TARGET_NAME)";
				SWIFT_EMIT_LOC_STRINGS = YES;
				SWIFT_VERSION = 5.0;
				TARGETED_DEVICE_FAMILY = "1,2";
			};
			name = Release;
		};
/* End XCBuildConfiguration section */

/* Begin XCConfigurationList section */
		529AB674281CC323003C0956 /* Build configuration list for PBXProject "NewsApp" */ = {
			isa = XCConfigurationList;
			buildConfigurations = (
				529AB68B281CC325003C0956 /* Debug */,
				529AB68C281CC325003C0956 /* Release */,
			);
			defaultConfigurationIsVisible = 0;
			defaultConfigurationName = Release;
		};
		529AB68D281CC325003C0956 /* Build configuration list for PBXNativeTarget "NewsApp" */ = {
			isa = XCConfigurationList;
			buildConfigurations = (
				529AB68E281CC325003C0956 /* Debug */,
				529AB68F281CC325003C0956 /* Release */,
			);
			defaultConfigurationIsVisible = 0;
			defaultConfigurationName = Release;
		};
/* End XCConfigurationList section */
	};
	rootObject = 529AB671281CC323003C0956 /* Project object */;
}
